
Microsoft Visual Studio Solution File, Format Version 12.00
# Visual Studio Version 16
VisualStudioVersion = 16.0.28407.52
MinimumVisualStudioVersion = 10.0.40219.1
Project("{2150E333-8FDC-42A3-9474-1A3956D46DE8}") = "src", "src", "{A68B4FC4-7FD1-4584-8075-2F5A1C3B6373}"
EndProject
Project("{9A19103F-16F7-4668-BE54-9A1E7A4F7556}") = "ImageGallery.Model", "src\ImageGallery.Model\ImageGallery.Model.csproj", "{8DF74D69-2F32-48B7-8624-EFFEB2677713}"
EndProject
Project("{9A19103F-16F7-4668-BE54-9A1E7A4F7556}") = "ImageGallery.Client", "src\ImageGallery.Client\ImageGallery.Client.csproj", "{8DF74D69-2F32-48B7-8624-EFFEB2677714}"
EndProject
Project("{2150E333-8FDC-42A3-9474-1A3956D46DE8}") = "test", "test", "{49B52D2E-9DCB-49F9-A4AE-F99D3C9852AA}"
EndProject
Project("{9A19103F-16F7-4668-BE54-9A1E7A4F7556}") = "ImageGallery.Client.Test", "test\ImageGallery.Client.Test\ImageGallery.Client.Test.csproj", "{8DF74D69-2F32-48B7-8624-EFFEB2677711}"
EndProject
Project("{2150E333-8FDC-42A3-9474-1A3956D46DE8}") = "e2e", "e2e", "{4AD191E7-796F-4959-BCE2-B117B5C3CC08}"
EndProject
Project("{9A19103F-16F7-4668-BE54-9A1E7A4F7556}") = "ImageGallery.Client.Test.UI", "e2e\ImageGallery.Client.Test.UI\ImageGallery.Client.Test.UI.csproj", "{8DF74D69-2F32-48B7-8624-EFFEB2677710}"
EndProject
Global
	GlobalSection(SolutionConfigurationPlatforms) = preSolution
		Debug|Any CPU = Debug|Any CPU
		Release|Any CPU = Release|Any CPU
	EndGlobalSection
	GlobalSection(ProjectConfigurationPlatforms) = postSolution
		{8DF74D69-2F32-48B7-8624-EFFEB2677713}.Debug|Any CPU.ActiveCfg = Debug|Any CPU
		{8DF74D69-2F32-48B7-8624-EFFEB2677713}.Debug|Any CPU.Build.0 = Debug|Any CPU
		{8DF74D69-2F32-48B7-8624-EFFEB2677713}.Release|Any CPU.ActiveCfg = Release|Any CPU
		{8DF74D69-2F32-48B7-8624-EFFEB2677713}.Release|Any CPU.Build.0 = Release|Any CPU
		{8DF74D69-2F32-48B7-8624-EFFEB2677714}.Debug|Any CPU.ActiveCfg = Debug|Any CPU
		{8DF74D69-2F32-48B7-8624-EFFEB2677714}.Debug|Any CPU.Build.0 = Debug|Any CPU
		{8DF74D69-2F32-48B7-8624-EFFEB2677714}.Release|Any CPU.ActiveCfg = Release|Any CPU
		{8DF74D69-2F32-48B7-8624-EFFEB2677714}.Release|Any CPU.Build.0 = Release|Any CPU
		{8DF74D69-2F32-48B7-8624-EFFEB2677711}.Debug|Any CPU.ActiveCfg = Debug|Any CPU
		{8DF74D69-2F32-48B7-8624-EFFEB2677711}.Debug|Any CPU.Build.0 = Debug|Any CPU
		{8DF74D69-2F32-48B7-8624-EFFEB2677711}.Release|Any CPU.ActiveCfg = Release|Any CPU
		{8DF74D69-2F32-48B7-8624-EFFEB2677711}.Release|Any CPU.Build.0 = Release|Any CPU
		{8DF74D69-2F32-48B7-8624-EFFEB2677710}.Debug|Any CPU.ActiveCfg = Debug|Any CPU
		{8DF74D69-2F32-48B7-8624-EFFEB2677710}.Debug|Any CPU.Build.0 = Debug|Any CPU
		{8DF74D69-2F32-48B7-8624-EFFEB2677710}.Release|Any CPU.ActiveCfg = Release|Any CPU
		{8DF74D69-2F32-48B7-8624-EFFEB2677710}.Release|Any CPU.Build.0 = Release|Any CPU
	EndGlobalSection
	GlobalSection(SolutionProperties) = preSolution
		HideSolutionNode = FALSE
	EndGlobalSection
	GlobalSection(NestedProjects) = preSolution
		{8DF74D69-2F32-48B7-8624-EFFEB2677713} = {A68B4FC4-7FD1-4584-8075-2F5A1C3B6373}
		{8DF74D69-2F32-48B7-8624-EFFEB2677714} = {A68B4FC4-7FD1-4584-8075-2F5A1C3B6373}
		{8DF74D69-2F32-48B7-8624-EFFEB2677711} = {49B52D2E-9DCB-49F9-A4AE-F99D3C9852AA}
		{8DF74D69-2F32-48B7-8624-EFFEB2677710} = {4AD191E7-796F-4959-BCE2-B117B5C3CC08}
	EndGlobalSection
	GlobalSection(ExtensibilityGlobals) = postSolution
		SolutionGuid = {D0C774B9-E784-4231-8C30-94E6E325992A}
	EndGlobalSection
EndGlobal
